// !$*UTF8*$!
{
	archiveVersion = 1;
	classes = {
	};
	objectVersion = 46;
	objects = {

/* Begin PBXBuildFile section */
		D40181951E7B67F7004A1C2D /* main.m in Sources */ = {isa = PBXBuildFile; fileRef = D40181941E7B67F7004A1C2D /* main.m */; };
		D40181981E7B67F7004A1C2D /* AppDelegate.m in Sources */ = {isa = PBXBuildFile; fileRef = D40181971E7B67F7004A1C2D /* AppDelegate.m */; };
		D401819B1E7B67F7004A1C2D /* ViewController.m in Sources */ = {isa = PBXBuildFile; fileRef = D401819A1E7B67F7004A1C2D /* ViewController.m */; };
		D401819E1E7B67F7004A1C2D /* Main.storyboard in Resources */ = {isa = PBXBuildFile; fileRef = D401819C1E7B67F7004A1C2D /* Main.storyboard */; };
		D40181A01E7B67F7004A1C2D /* Assets.xcassets in Resources */ = {isa = PBXBuildFile; fileRef = D401819F1E7B67F7004A1C2D /* Assets.xcassets */; };
		D40181A31E7B67F7004A1C2D /* LaunchScreen.storyboard in Resources */ = {isa = PBXBuildFile; fileRef = D40181A11E7B67F7004A1C2D /* LaunchScreen.storyboard */; };
/* End PBXBuildFile section */

/* Begin PBXFileReference section */
		D40181901E7B67F7004A1C2D /* UINavigationController.app */ = {isa = PBXFileReference; explicitFileType = wrapper.application; includeInIndex = 0; path = UINavigationController.app; sourceTree = BUILT_PRODUCTS_DIR; };
		D40181941E7B67F7004A1C2D /* main.m */ = {isa = PBXFileReference; lastKnownFileType = sourcecode.c.objc; path = main.m; sourceTree = "<group>"; };
		D40181961E7B67F7004A1C2D /* AppDelegate.h */ = {isa = PBXFileReference; lastKnownFileType = sourcecode.c.h; path = AppDelegate.h; sourceTree = "<group>"; };
		D40181971E7B67F7004A1C2D /* AppDelegate.m */ = {isa = PBXFileReference; lastKnownFileType = sourcecode.c.objc; path = AppDelegate.m; sourceTree = "<group>"; };
		D40181991E7B67F7004A1C2D /* ViewController.h */ = {isa = PBXFileReference; lastKnownFileType = sourcecode.c.h; path = ViewController.h; sourceTree = "<group>"; };
		D401819A1E7B67F7004A1C2D /* ViewController.m */ = {isa = PBXFileReference; lastKnownFileType = sourcecode.c.objc; path = ViewController.m; sourceTree = "<group>"; };
		D401819D1E7B67F7004A1C2D /* Base */ = {isa = PBXFileReference; lastKnownFileType = file.storyboard; name = Base; path = Base.lproj/Main.storyboard; sourceTree = "<group>"; };
		D401819F1E7B67F7004A1C2D /* Assets.xcassets */ = {isa = PBXFileReference; lastKnownFileType = folder.assetcatalog; path = Assets.xcassets; sourceTree = "<group>"; };
		D40181A21E7B67F7004A1C2D /* Base */ = {isa = PBXFileReference; lastKnownFileType = file.storyboard; name = Base; path = Base.lproj/LaunchScreen.storyboard; sourceTree = "<group>"; };
		D40181A41E7B67F7004A1C2D /* Info.plist */ = {isa = PBXFileReference; lastKnownFileType = text.plist.xml; path = Info.plist; sourceTree = "<group>"; };
/* End PBXFileReference section */

/* Begin PBXFrameworksBuildPhase section */
		D401818D1E7B67F7004A1C2D /* Frameworks */ = {
			isa = PBXFrameworksBuildPhase;
			buildActionMask = 2147483647;
			files = (
			);
			runOnlyForDeploymentPostprocessing = 0;
		};
/* End PBXFrameworksBuildPhase section */

/* Begin PBXGroup section */
		D40181871E7B67F7004A1C2D = {
			isa = PBXGroup;
			children = (
				D40181921E7B67F7004A1C2D /* UINavigationController */,
				D40181911E7B67F7004A1C2D /* Products */,
			);
			sourceTree = "<group>";
		};
		D40181911E7B67F7004A1C2D /* Products */ = {
			isa = PBXGroup;
			children = (
				D40181901E7B67F7004A1C2D /* UINavigationController.app */,
			);
			name = Products;
			sourceTree = "<group>";
		};
		D40181921E7B67F7004A1C2D /* UINavigationController */ = {
			isa = PBXGroup;
			children = (
				D40181961E7B67F7004A1C2D /* AppDelegate.h */,
				D40181971E7B67F7004A1C2D /* AppDelegate.m */,
				D40181991E7B67F7004A1C2D /* ViewController.h */,
				D401819A1E7B67F7004A1C2D /* ViewController.m */,
				D401819C1E7B67F7004A1C2D /* Main.storyboard */,
				D401819F1E7B67F7004A1C2D /* Assets.xcassets */,
				D40181A11E7B67F7004A1C2D /* LaunchScreen.storyboard */,
				D40181A41E7B67F7004A1C2D /* Info.plist */,
				D40181931E7B67F7004A1C2D /* Supporting Files */,
			);
			path = UINavigationController;
			sourceTree = "<group>";
		};
		D40181931E7B67F7004A1C2D /* Supporting Files */ = {
			isa = PBXGroup;
			children = (
				D40181941E7B67F7004A1C2D /* main.m */,
			);
			name = "Supporting Files";
			sourceTree = "<group>";
		};
/* End PBXGroup section */

/* Begin PBXNativeTarget section */
		D401818F1E7B67F7004A1C2D /* UINavigationController */ = {
			isa = PBXNativeTarget;
			buildConfigurationList = D40181A71E7B67F7004A1C2D /* Build configuration list for PBXNativeTarget "UINavigationController" */;
			buildPhases = (
				D401818C1E7B67F7004A1C2D /* Sources */,
				D401818D1E7B67F7004A1C2D /* Frameworks */,
				D401818E1E7B67F7004A1C2D /* Resources */,
			);
			buildRules = (
			);
			dependencies = (
			);
			name = UINavigationController;
			productName = UINavigationController;
			productReference = D40181901E7B67F7004A1C2D /* UINavigationController.app */;
			productType = "com.apple.product-type.application";
		};
/* End PBXNativeTarget section */

/* Begin PBXProject section */
		D40181881E7B67F7004A1C2D /* Project object */ = {
			isa = PBXProject;
			attributes = {
				LastUpgradeCheck = 0820;
				ORGANIZATIONNAME = shinji;
				TargetAttributes = {
					D401818F1E7B67F7004A1C2D = {
						CreatedOnToolsVersion = 8.2.1;
						DevelopmentTeam = 9JWJT4ZWMX;
						ProvisioningStyle = Automatic;
					};
				};
			};
			buildConfigurationList = D401818B1E7B67F7004A1C2D /* Build configuration list for PBXProject "UINavigationController" */;
			compatibilityVersion = "Xcode 3.2";
			developmentRegion = English;
			hasScannedForEncodings = 0;
			knownRegions = (
				en,
				Base,
			);
			mainGroup = D40181871E7B67F7004A1C2D;
			productRefGroup = D40181911E7B67F7004A1C2D /* Products */;
			projectDirPath = "";
			projectRoot = "";
			targets = (
				D401818F1E7B67F7004A1C2D /* UINavigationController */,
			);
		};
/* End PBXProject section */

/* Begin PBXResourcesBuildPhase section */
		D401818E1E7B67F7004A1C2D /* Resources */ = {
			isa = PBXResourcesBuildPhase;
			buildActionMask = 2147483647;
			files = (
				D40181A31E7B67F7004A1C2D /* LaunchScreen.storyboard in Resources */,
				D40181A01E7B67F7004A1C2D /* Assets.xcassets in Resources */,
				D401819E1E7B67F7004A1C2D /* Main.storyboard in Resources */,
			);
			runOnlyForDeploymentPostprocessing = 0;
		};
/* End PBXResourcesBuildPhase section */

/* Begin PBXSourcesBuildPhase section */
		D401818C1E7B67F7004A1C2D /* Sources */ = {
			isa = PBXSourcesBuildPhase;
			buildActionMask = 2147483647;
			files = (
				D401819B1E7B67F7004A1C2D /* ViewController.m in Sources */,
				D40181981E7B67F7004A1C2D /* AppDelegate.m in Sources */,
				D40181951E7B67F7004A1C2D /* main.m in Sources */,
			);
			runOnlyForDeploymentPostprocessing = 0;
		};
/* End PBXSourcesBuildPhase section */

/* Begin PBXVariantGroup section */
		D401819C1E7B67F7004A1C2D /* Main.storyboard */ = {
			isa = PBXVariantGroup;
			children = (
				D401819D1E7B67F7004A1C2D /* Base */,
			);
			name = Main.storyboard;
			sourceTree = "<group>";
		};
		D40181A11E7B67F7004A1C2D /* LaunchScreen.storyboard */ = {
			isa = PBXVariantGroup;
			children = (
				D40181A21E7B67F7004A1C2D /* Base */,
			);
			name = LaunchScreen.storyboard;
			sourceTree = "<group>";
		};
/* End PBXVariantGroup section */

/* Begin XCBuildConfiguration section */
		D40181A51E7B67F7004A1C2D /* Debug */ = {
			isa = XCBuildConfiguration;
			buildSettings = {
				ALWAYS_SEARCH_USER_PATHS = NO;
				CLANG_ANALYZER_NONNULL = YES;
				CLANG_CXX_LANGUAGE_STANDARD = "gnu++0x";
				CLANG_CXX_LIBRARY = "libc++";
				CLANG_ENABLE_MODULES = YES;
				CLANG_ENABLE_OBJC_ARC = YES;
				CLANG_WARN_BOOL_CONVERSION = YES;
				CLANG_WARN_CONSTANT_CONVERSION = YES;
				CLANG_WARN_DIRECT_OBJC_ISA_USAGE = YES_ERROR;
				CLANG_WARN_DOCUMENTATION_COMMENTS = YES;
				CLANG_WARN_EMPTY_BODY = YES;
				CLANG_WARN_ENUM_CONVERSION = YES;
				CLANG_WARN_INFINITE_RECURSION = YES;
				CLANG_WARN_INT_CONVERSION = YES;
				CLANG_WARN_OBJC_ROOT_CLASS = YES_ERROR;
				CLANG_WARN_SUSPICIOUS_MOVE = YES;
				CLANG_WARN_UNREACHABLE_CODE = YES;
				CLANG_WARN__DUPLICATE_METHOD_MATCH = YES;
				"CODE_SIGN_IDENTITY[sdk=iphoneos*]" = "iPhone Developer";
				COPY_PHASE_STRIP = NO;
				DEBUG_INFORMATION_FORMAT = dwarf;
				ENABLE_STRICT_OBJC_MSGSEND = YES;
				ENABLE_TESTABILITY = YES;
				GCC_C_LANGUAGE_STANDARD = gnu99;
				GCC_DYNAMIC_NO_PIC = NO;
				GCC_NO_COMMON_BLOCKS = YES;
				GCC_OPTIMIZATION_LEVEL = 0;
				GCC_PREPROCESSOR_DEFINITIONS = (
					"DEBUG=1",
					"$(inherited)",
				);
				GCC_WARN_64_TO_32_BIT_CONVERSION = YES;
				GCC_WARN_ABOUT_RETURN_TYPE = YES_ERROR;
				GCC_WARN_UNDECLARED_SELECTOR = YES;
				GCC_WARN_UNINITIALIZED_AUTOS = YES_AGGRESSIVE;
				GCC_WARN_UNUSED_FUNCTION = YES;
				GCC_WARN_UNUSED_VARIABLE = YES;
				IPHONEOS_DEPLOYMENT_TARGET = 10.2;
				MTL_ENABLE_DEBUG_INFO = YES;
				ONLY_ACTIVE_ARCH = YES;
				SDKROOT = iphoneos;
			};
			name = Debug;
		};
		D40181A61E7B67F7004A1C2D /* Release */ = {
			isa = XCBuildConfiguration;
			buildSettings = {
				ALWAYS_SEARCH_USER_PATHS = NO;
				CLANG_ANALYZER_NONNULL = YES;
				CLANG_CXX_LANGUAGE_STANDARD = "gnu++0x";
				CLANG_CXX_LIBRARY = "libc++";
				CLANG_ENABLE_MODULES = YES;
				CLANG_ENABLE_OBJC_ARC = YES;
				CLANG_WARN_BOOL_CONVERSION = YES;
				CLANG_WARN_CONSTANT_CONVERSION = YES;
				CLANG_WARN_DIRECT_OBJC_ISA_USAGE = YES_ERROR;
				CLANG_WARN_DOCUMENTATION_COMMENTS = YES;
				CLANG_WARN_EMPTY_BODY = YES;
				CLANG_WARN_ENUM_CONVERSION = YES;
				CLANG_WARN_INFINITE_RECURSION = YES;
				CLANG_WARN_INT_CONVERSION = YES;
				CLANG_WARN_OBJC_ROOT_CLASS = YES_ERROR;
				CLANG_WARN_SUSPICIOUS_MOVE = YES;
				CLANG_WARN_UNREACHABLE_CODE = YES;
				CLANG_WARN__DUPLICATE_METHOD_MATCH = YES;
				"CODE_SIGN_IDENTITY[sdk=iphoneos*]" = "iPhone Developer";
				COPY_PHASE_STRIP = NO;
				DEBUG_INFORMATION_FORMAT = "dwarf-with-dsym";
				ENABLE_NS_ASSERTIONS = NO;
				ENABLE_STRICT_OBJC_MSGSEND = YES;
				GCC_C_LANGUAGE_STANDARD = gnu99;
				GCC_NO_COMMON_BLOCKS = YES;
				GCC_WARN_64_TO_32_BIT_CONVERSION = YES;
				GCC_WARN_ABOUT_RETURN_TYPE = YES_ERROR;
				GCC_WARN_UNDECLARED_SELECTOR = YES;
				GCC_WARN_UNINITIALIZED_AUTOS = YES_AGGRESSIVE;
				GCC_WARN_UNUSED_FUNCTION = YES;
				GCC_WARN_UNUSED_VARIABLE = YES;
				IPHONEOS_DEPLOYMENT_TARGET = 10.2;
				MTL_ENABLE_DEBUG_INFO = NO;
				SDKROOT = iphoneos;
				VALIDATE_PRODUCT = YES;
			};
			name = Release;
		};
		D40181A81E7B67F7004A1C2D /* Debug */ = {
			isa = XCBuildConfiguration;
			buildSettings = {
				ASSETCATALOG_COMPILER_APPICON_NAME = AppIcon;
				DEVELOPMENT_TEAM = 9JWJT4ZWMX;
				INFOPLIST_FILE = UINavigationController/Info.plist;
				LD_RUNPATH_SEARCH_PATHS = "$(inherited) @executable_path/Frameworks";
				PRODUCT_BUNDLE_IDENTIFIER = co.sin.UINavigationController;
				PRODUCT_NAME = "$(TARGET_NAME)";
			};
			name = Debug;
		};
		D40181A91E7B67F7004A1C2D /* Release */ = {
			isa = XCBuildConfiguration;
			buildSettings = {
				ASSETCATALOG_COMPILER_APPICON_NAME = AppIcon;
				DEVELOPMENT_TEAM = 9JWJT4ZWMX;
				INFOPLIST_FILE = UINavigationController/Info.plist;
				LD_RUNPATH_SEARCH_PATHS = "$(inherited) @executable_path/Frameworks";
				PRODUCT_BUNDLE_IDENTIFIER = co.sin.UINavigationController;
				PRODUCT_NAME = "$(TARGET_NAME)";
			};
			name = Release;
		};
/* End XCBuildConfiguration section */

/* Begin XCConfigurationList section */
		D401818B1E7B67F7004A1C2D /* Build configuration list for PBXProject "UINavigationController" */ = {
			isa = XCConfigurationList;
			buildConfigurations = (
				D40181A51E7B67F7004A1C2D /* Debug */,
				D40181A61E7B67F7004A1C2D /* Release */,
			);
			defaultConfigurationIsVisible = 0;
			defaultConfigurationName = Release;
		};
		D40181A71E7B67F7004A1C2D /* Build configuration list for PBXNativeTarget "UINavigationController" */ = {
			isa = XCConfigurationList;
			buildConfigurations = (
				D40181A81E7B67F7004A1C2D /* Debug */,
				D40181A91E7B67F7004A1C2D /* Release */,
			);
			defaultConfigurationIsVisible = 0;
		};
/* End XCConfigurationList section */
	};
	rootObject = D40181881E7B67F7004A1C2D /* Project object */;
}
