// !$*UTF8*$!
{
	archiveVersion = 1;
	classes = {
	};
	objectVersion = 46;
	objects = {

/* Begin PBXBuildFile section */
		D40181B81E7B8AC6004A1C2D /* main.m in Sources */ = {isa = PBXBuildFile; fileRef = D40181B71E7B8AC6004A1C2D /* main.m */; };
		D40181BB1E7B8AC6004A1C2D /* AppDelegate.m in Sources */ = {isa = PBXBuildFile; fileRef = D40181BA1E7B8AC6004A1C2D /* AppDelegate.m */; };
		D40181BE1E7B8AC6004A1C2D /* ViewController.m in Sources */ = {isa = PBXBuildFile; fileRef = D40181BD1E7B8AC6004A1C2D /* ViewController.m */; };
		D40181C11E7B8AC6004A1C2D /* Main.storyboard in Resources */ = {isa = PBXBuildFile; fileRef = D40181BF1E7B8AC6004A1C2D /* Main.storyboard */; };
		D40181C31E7B8AC6004A1C2D /* Assets.xcassets in Resources */ = {isa = PBXBuildFile; fileRef = D40181C21E7B8AC6004A1C2D /* Assets.xcassets */; };
		D40181C61E7B8AC6004A1C2D /* LaunchScreen.storyboard in Resources */ = {isa = PBXBuildFile; fileRef = D40181C41E7B8AC6004A1C2D /* LaunchScreen.storyboard */; };
/* End PBXBuildFile section */

/* Begin PBXFileReference section */
		D40181B31E7B8AC6004A1C2D /* TableViewSample.app */ = {isa = PBXFileReference; explicitFileType = wrapper.application; includeInIndex = 0; path = TableViewSample.app; sourceTree = BUILT_PRODUCTS_DIR; };
		D40181B71E7B8AC6004A1C2D /* main.m */ = {isa = PBXFileReference; lastKnownFileType = sourcecode.c.objc; path = main.m; sourceTree = "<group>"; };
		D40181B91E7B8AC6004A1C2D /* AppDelegate.h */ = {isa = PBXFileReference; lastKnownFileType = sourcecode.c.h; path = AppDelegate.h; sourceTree = "<group>"; };
		D40181BA1E7B8AC6004A1C2D /* AppDelegate.m */ = {isa = PBXFileReference; lastKnownFileType = sourcecode.c.objc; path = AppDelegate.m; sourceTree = "<group>"; };
		D40181BC1E7B8AC6004A1C2D /* ViewController.h */ = {isa = PBXFileReference; lastKnownFileType = sourcecode.c.h; path = ViewController.h; sourceTree = "<group>"; };
		D40181BD1E7B8AC6004A1C2D /* ViewController.m */ = {isa = PBXFileReference; lastKnownFileType = sourcecode.c.objc; path = ViewController.m; sourceTree = "<group>"; };
		D40181C01E7B8AC6004A1C2D /* Base */ = {isa = PBXFileReference; lastKnownFileType = file.storyboard; name = Base; path = Base.lproj/Main.storyboard; sourceTree = "<group>"; };
		D40181C21E7B8AC6004A1C2D /* Assets.xcassets */ = {isa = PBXFileReference; lastKnownFileType = folder.assetcatalog; path = Assets.xcassets; sourceTree = "<group>"; };
		D40181C51E7B8AC6004A1C2D /* Base */ = {isa = PBXFileReference; lastKnownFileType = file.storyboard; name = Base; path = Base.lproj/LaunchScreen.storyboard; sourceTree = "<group>"; };
		D40181C71E7B8AC6004A1C2D /* Info.plist */ = {isa = PBXFileReference; lastKnownFileType = text.plist.xml; path = Info.plist; sourceTree = "<group>"; };
/* End PBXFileReference section */

/* Begin PBXFrameworksBuildPhase section */
		D40181B01E7B8AC6004A1C2D /* Frameworks */ = {
			isa = PBXFrameworksBuildPhase;
			buildActionMask = 2147483647;
			files = (
			);
			runOnlyForDeploymentPostprocessing = 0;
		};
/* End PBXFrameworksBuildPhase section */

/* Begin PBXGroup section */
		D40181AA1E7B8AC6004A1C2D = {
			isa = PBXGroup;
			children = (
				D40181B51E7B8AC6004A1C2D /* TableViewSample */,
				D40181B41E7B8AC6004A1C2D /* Products */,
			);
			sourceTree = "<group>";
		};
		D40181B41E7B8AC6004A1C2D /* Products */ = {
			isa = PBXGroup;
			children = (
				D40181B31E7B8AC6004A1C2D /* TableViewSample.app */,
			);
			name = Products;
			sourceTree = "<group>";
		};
		D40181B51E7B8AC6004A1C2D /* TableViewSample */ = {
			isa = PBXGroup;
			children = (
				D40181B91E7B8AC6004A1C2D /* AppDelegate.h */,
				D40181BA1E7B8AC6004A1C2D /* AppDelegate.m */,
				D40181BC1E7B8AC6004A1C2D /* ViewController.h */,
				D40181BD1E7B8AC6004A1C2D /* ViewController.m */,
				D40181BF1E7B8AC6004A1C2D /* Main.storyboard */,
				D40181C21E7B8AC6004A1C2D /* Assets.xcassets */,
				D40181C41E7B8AC6004A1C2D /* LaunchScreen.storyboard */,
				D40181C71E7B8AC6004A1C2D /* Info.plist */,
				D40181B61E7B8AC6004A1C2D /* Supporting Files */,
			);
			path = TableViewSample;
			sourceTree = "<group>";
		};
		D40181B61E7B8AC6004A1C2D /* Supporting Files */ = {
			isa = PBXGroup;
			children = (
				D40181B71E7B8AC6004A1C2D /* main.m */,
			);
			name = "Supporting Files";
			sourceTree = "<group>";
		};
/* End PBXGroup section */

/* Begin PBXNativeTarget section */
		D40181B21E7B8AC6004A1C2D /* TableViewSample */ = {
			isa = PBXNativeTarget;
			buildConfigurationList = D40181CA1E7B8AC6004A1C2D /* Build configuration list for PBXNativeTarget "TableViewSample" */;
			buildPhases = (
				D40181AF1E7B8AC6004A1C2D /* Sources */,
				D40181B01E7B8AC6004A1C2D /* Frameworks */,
				D40181B11E7B8AC6004A1C2D /* Resources */,
			);
			buildRules = (
			);
			dependencies = (
			);
			name = TableViewSample;
			productName = TableViewSample;
			productReference = D40181B31E7B8AC6004A1C2D /* TableViewSample.app */;
			productType = "com.apple.product-type.application";
		};
/* End PBXNativeTarget section */

/* Begin PBXProject section */
		D40181AB1E7B8AC6004A1C2D /* Project object */ = {
			isa = PBXProject;
			attributes = {
				LastUpgradeCheck = 0820;
				ORGANIZATIONNAME = shinji;
				TargetAttributes = {
					D40181B21E7B8AC6004A1C2D = {
						CreatedOnToolsVersion = 8.2.1;
						DevelopmentTeam = 9JWJT4ZWMX;
						ProvisioningStyle = Automatic;
					};
				};
			};
			buildConfigurationList = D40181AE1E7B8AC6004A1C2D /* Build configuration list for PBXProject "TableViewSample" */;
			compatibilityVersion = "Xcode 3.2";
			developmentRegion = English;
			hasScannedForEncodings = 0;
			knownRegions = (
				en,
				Base,
			);
			mainGroup = D40181AA1E7B8AC6004A1C2D;
			productRefGroup = D40181B41E7B8AC6004A1C2D /* Products */;
			projectDirPath = "";
			projectRoot = "";
			targets = (
				D40181B21E7B8AC6004A1C2D /* TableViewSample */,
			);
		};
/* End PBXProject section */

/* Begin PBXResourcesBuildPhase section */
		D40181B11E7B8AC6004A1C2D /* Resources */ = {
			isa = PBXResourcesBuildPhase;
			buildActionMask = 2147483647;
			files = (
				D40181C61E7B8AC6004A1C2D /* LaunchScreen.storyboard in Resources */,
				D40181C31E7B8AC6004A1C2D /* Assets.xcassets in Resources */,
				D40181C11E7B8AC6004A1C2D /* Main.storyboard in Resources */,
			);
			runOnlyForDeploymentPostprocessing = 0;
		};
/* End PBXResourcesBuildPhase section */

/* Begin PBXSourcesBuildPhase section */
		D40181AF1E7B8AC6004A1C2D /* Sources */ = {
			isa = PBXSourcesBuildPhase;
			buildActionMask = 2147483647;
			files = (
				D40181BE1E7B8AC6004A1C2D /* ViewController.m in Sources */,
				D40181BB1E7B8AC6004A1C2D /* AppDelegate.m in Sources */,
				D40181B81E7B8AC6004A1C2D /* main.m in Sources */,
			);
			runOnlyForDeploymentPostprocessing = 0;
		};
/* End PBXSourcesBuildPhase section */

/* Begin PBXVariantGroup section */
		D40181BF1E7B8AC6004A1C2D /* Main.storyboard */ = {
			isa = PBXVariantGroup;
			children = (
				D40181C01E7B8AC6004A1C2D /* Base */,
			);
			name = Main.storyboard;
			sourceTree = "<group>";
		};
		D40181C41E7B8AC6004A1C2D /* LaunchScreen.storyboard */ = {
			isa = PBXVariantGroup;
			children = (
				D40181C51E7B8AC6004A1C2D /* Base */,
			);
			name = LaunchScreen.storyboard;
			sourceTree = "<group>";
		};
/* End PBXVariantGroup section */

/* Begin XCBuildConfiguration section */
		D40181C81E7B8AC6004A1C2D /* Debug */ = {
			isa = XCBuildConfiguration;
			buildSettings = {
				ALWAYS_SEARCH_USER_PATHS = NO;
				CLANG_ANALYZER_NONNULL = YES;
				CLANG_CXX_LANGUAGE_STANDARD = "gnu++0x";
				CLANG_CXX_LIBRARY = "libc++";
				CLANG_ENABLE_MODULES = YES;
				CLANG_ENABLE_OBJC_ARC = YES;
				CLANG_WARN_BOOL_CONVERSION = YES;
				CLANG_WARN_CONSTANT_CONVERSION = YES;
				CLANG_WARN_DIRECT_OBJC_ISA_USAGE = YES_ERROR;
				CLANG_WARN_DOCUMENTATION_COMMENTS = YES;
				CLANG_WARN_EMPTY_BODY = YES;
				CLANG_WARN_ENUM_CONVERSION = YES;
				CLANG_WARN_INFINITE_RECURSION = YES;
				CLANG_WARN_INT_CONVERSION = YES;
				CLANG_WARN_OBJC_ROOT_CLASS = YES_ERROR;
				CLANG_WARN_SUSPICIOUS_MOVE = YES;
				CLANG_WARN_UNREACHABLE_CODE = YES;
				CLANG_WARN__DUPLICATE_METHOD_MATCH = YES;
				"CODE_SIGN_IDENTITY[sdk=iphoneos*]" = "iPhone Developer";
				COPY_PHASE_STRIP = NO;
				DEBUG_INFORMATION_FORMAT = dwarf;
				ENABLE_STRICT_OBJC_MSGSEND = YES;
				ENABLE_TESTABILITY = YES;
				GCC_C_LANGUAGE_STANDARD = gnu99;
				GCC_DYNAMIC_NO_PIC = NO;
				GCC_NO_COMMON_BLOCKS = YES;
				GCC_OPTIMIZATION_LEVEL = 0;
				GCC_PREPROCESSOR_DEFINITIONS = (
					"DEBUG=1",
					"$(inherited)",
				);
				GCC_WARN_64_TO_32_BIT_CONVERSION = YES;
				GCC_WARN_ABOUT_RETURN_TYPE = YES_ERROR;
				GCC_WARN_UNDECLARED_SELECTOR = YES;
				GCC_WARN_UNINITIALIZED_AUTOS = YES_AGGRESSIVE;
				GCC_WARN_UNUSED_FUNCTION = YES;
				GCC_WARN_UNUSED_VARIABLE = YES;
				IPHONEOS_DEPLOYMENT_TARGET = 10.2;
				MTL_ENABLE_DEBUG_INFO = YES;
				ONLY_ACTIVE_ARCH = YES;
				SDKROOT = iphoneos;
			};
			name = Debug;
		};
		D40181C91E7B8AC6004A1C2D /* Release */ = {
			isa = XCBuildConfiguration;
			buildSettings = {
				ALWAYS_SEARCH_USER_PATHS = NO;
				CLANG_ANALYZER_NONNULL = YES;
				CLANG_CXX_LANGUAGE_STANDARD = "gnu++0x";
				CLANG_CXX_LIBRARY = "libc++";
				CLANG_ENABLE_MODULES = YES;
				CLANG_ENABLE_OBJC_ARC = YES;
				CLANG_WARN_BOOL_CONVERSION = YES;
				CLANG_WARN_CONSTANT_CONVERSION = YES;
				CLANG_WARN_DIRECT_OBJC_ISA_USAGE = YES_ERROR;
				CLANG_WARN_DOCUMENTATION_COMMENTS = YES;
				CLANG_WARN_EMPTY_BODY = YES;
				CLANG_WARN_ENUM_CONVERSION = YES;
				CLANG_WARN_INFINITE_RECURSION = YES;
				CLANG_WARN_INT_CONVERSION = YES;
				CLANG_WARN_OBJC_ROOT_CLASS = YES_ERROR;
				CLANG_WARN_SUSPICIOUS_MOVE = YES;
				CLANG_WARN_UNREACHABLE_CODE = YES;
				CLANG_WARN__DUPLICATE_METHOD_MATCH = YES;
				"CODE_SIGN_IDENTITY[sdk=iphoneos*]" = "iPhone Developer";
				COPY_PHASE_STRIP = NO;
				DEBUG_INFORMATION_FORMAT = "dwarf-with-dsym";
				ENABLE_NS_ASSERTIONS = NO;
				ENABLE_STRICT_OBJC_MSGSEND = YES;
				GCC_C_LANGUAGE_STANDARD = gnu99;
				GCC_NO_COMMON_BLOCKS = YES;
				GCC_WARN_64_TO_32_BIT_CONVERSION = YES;
				GCC_WARN_ABOUT_RETURN_TYPE = YES_ERROR;
				GCC_WARN_UNDECLARED_SELECTOR = YES;
				GCC_WARN_UNINITIALIZED_AUTOS = YES_AGGRESSIVE;
				GCC_WARN_UNUSED_FUNCTION = YES;
				GCC_WARN_UNUSED_VARIABLE = YES;
				IPHONEOS_DEPLOYMENT_TARGET = 10.2;
				MTL_ENABLE_DEBUG_INFO = NO;
				SDKROOT = iphoneos;
				VALIDATE_PRODUCT = YES;
			};
			name = Release;
		};
		D40181CB1E7B8AC6004A1C2D /* Debug */ = {
			isa = XCBuildConfiguration;
			buildSettings = {
				ASSETCATALOG_COMPILER_APPICON_NAME = AppIcon;
				DEVELOPMENT_TEAM = 9JWJT4ZWMX;
				INFOPLIST_FILE = TableViewSample/Info.plist;
				LD_RUNPATH_SEARCH_PATHS = "$(inherited) @executable_path/Frameworks";
				PRODUCT_BUNDLE_IDENTIFIER = co.sin.TableViewSample;
				PRODUCT_NAME = "$(TARGET_NAME)";
			};
			name = Debug;
		};
		D40181CC1E7B8AC6004A1C2D /* Release */ = {
			isa = XCBuildConfiguration;
			buildSettings = {
				ASSETCATALOG_COMPILER_APPICON_NAME = AppIcon;
				DEVELOPMENT_TEAM = 9JWJT4ZWMX;
				INFOPLIST_FILE = TableViewSample/Info.plist;
				LD_RUNPATH_SEARCH_PATHS = "$(inherited) @executable_path/Frameworks";
				PRODUCT_BUNDLE_IDENTIFIER = co.sin.TableViewSample;
				PRODUCT_NAME = "$(TARGET_NAME)";
			};
			name = Release;
		};
/* End XCBuildConfiguration section */

/* Begin XCConfigurationList section */
		D40181AE1E7B8AC6004A1C2D /* Build configuration list for PBXProject "TableViewSample" */ = {
			isa = XCConfigurationList;
			buildConfigurations = (
				D40181C81E7B8AC6004A1C2D /* Debug */,
				D40181C91E7B8AC6004A1C2D /* Release */,
			);
			defaultConfigurationIsVisible = 0;
			defaultConfigurationName = Release;
		};
		D40181CA1E7B8AC6004A1C2D /* Build configuration list for PBXNativeTarget "TableViewSample" */ = {
			isa = XCConfigurationList;
			buildConfigurations = (
				D40181CB1E7B8AC6004A1C2D /* Debug */,
				D40181CC1E7B8AC6004A1C2D /* Release */,
			);
			defaultConfigurationIsVisible = 0;
		};
/* End XCConfigurationList section */
	};
	rootObject = D40181AB1E7B8AC6004A1C2D /* Project object */;
}
